
Microsoft Visual Studio Solution File, Format Version 12.00
# Visual Studio Version 16
VisualStudioVersion = 16.0.29230.61
MinimumVisualStudioVersion = 10.0.40219.1
Project("{2150E333-8FDC-42A3-9474-1A3956D46DE8}") = "Item01", "Item01", "{282ABB64-0A25-439D-83AE-4D58EB8A9787}"
EndProject
Project("{2150E333-8FDC-42A3-9474-1A3956D46DE8}") = "depois", "depois", "{D397E4BC-61F2-45F1-8E64-0E1E5CBC98E2}"
EndProject
Project("{9A19103F-16F7-4668-BE54-9A1E7A4F7556}") = "CasaDoCodigo.Console", "Item01\depois\CasaDoCodigo.Console\CasaDoCodigo.Console.csproj", "{421E75DA-9E4E-48B3-BE09-071440F0E222}"
EndProject
Project("{2150E333-8FDC-42A3-9474-1A3956D46DE8}") = "antes", "antes", "{EBD7FA51-C0AA-4CCD-92F6-26BC74CE991A}"
EndProject
Project("{9A19103F-16F7-4668-BE54-9A1E7A4F7556}") = "CasaDoCodigo.Console", "Item01\antes\CasaDoCodigo.Console\CasaDoCodigo.Console.csproj", "{9126BFE0-8D07-4ED5-B794-FA0760720615}"
EndProject
Global
	GlobalSection(SolutionConfigurationPlatforms) = preSolution
		Debug|Any CPU = Debug|Any CPU
		Release|Any CPU = Release|Any CPU
	EndGlobalSection
	GlobalSection(ProjectConfigurationPlatforms) = postSolution
		{421E75DA-9E4E-48B3-BE09-071440F0E222}.Debug|Any CPU.ActiveCfg = Debug|Any CPU
		{421E75DA-9E4E-48B3-BE09-071440F0E222}.Debug|Any CPU.Build.0 = Debug|Any CPU
		{421E75DA-9E4E-48B3-BE09-071440F0E222}.Release|Any CPU.ActiveCfg = Release|Any CPU
		{421E75DA-9E4E-48B3-BE09-071440F0E222}.Release|Any CPU.Build.0 = Release|Any CPU
		{9126BFE0-8D07-4ED5-B794-FA0760720615}.Debug|Any CPU.ActiveCfg = Debug|Any CPU
		{9126BFE0-8D07-4ED5-B794-FA0760720615}.Debug|Any CPU.Build.0 = Debug|Any CPU
		{9126BFE0-8D07-4ED5-B794-FA0760720615}.Release|Any CPU.ActiveCfg = Release|Any CPU
		{9126BFE0-8D07-4ED5-B794-FA0760720615}.Release|Any CPU.Build.0 = Release|Any CPU
	EndGlobalSection
	GlobalSection(SolutionProperties) = preSolution
		HideSolutionNode = FALSE
	EndGlobalSection
	GlobalSection(NestedProjects) = preSolution
		{D397E4BC-61F2-45F1-8E64-0E1E5CBC98E2} = {282ABB64-0A25-439D-83AE-4D58EB8A9787}
		{421E75DA-9E4E-48B3-BE09-071440F0E222} = {D397E4BC-61F2-45F1-8E64-0E1E5CBC98E2}
		{EBD7FA51-C0AA-4CCD-92F6-26BC74CE991A} = {282ABB64-0A25-439D-83AE-4D58EB8A9787}
		{9126BFE0-8D07-4ED5-B794-FA0760720615} = {EBD7FA51-C0AA-4CCD-92F6-26BC74CE991A}
	EndGlobalSection
	GlobalSection(ExtensibilityGlobals) = postSolution
		SolutionGuid = {730DB6AD-C924-40EB-B18E-DD8E87F99608}
	EndGlobalSection
EndGlobal
